<Solution>
  <Configurations>
    <Platform Name="Any CPU" />
    <Platform Name="x64" />
    <Platform Name="x86" />
  </Configurations>
  <Folder Name="/mcp-servers/">
    <Project Path="src/McpServer.OpenRouter/McpServer.OpenRouter.csproj" />
  </Folder>
  <Folder Name="/src/">
    <Project Path="src/RockBot.Host.Abstractions/RockBot.Host.Abstractions.csproj" />
    <Project Path="src/RockBot.Host/RockBot.Host.csproj" />
    <Project Path="src/RockBot.Llm.Abstractions/RockBot.Llm.Abstractions.csproj" />
    <Project Path="src/RockBot.Llm/RockBot.Llm.csproj" />
    <Project Path="src/RockBot.Tools.Abstractions/RockBot.Tools.Abstractions.csproj" />
    <Project Path="src/RockBot.Tools/RockBot.Tools.csproj" />
    <Project Path="src/RockBot.Tools.Mcp/RockBot.Tools.Mcp.csproj" />
    <Project Path="src/RockBot.Tools.Rest/RockBot.Tools.Rest.csproj" />
    <Project Path="src/RockBot.Scripts.Abstractions/RockBot.Scripts.Abstractions.csproj" />
    <Project Path="src/RockBot.Scripts.Container/RockBot.Scripts.Container.csproj" />
    <Project Path="src/RockBot.Scripts.Local/RockBot.Scripts.Local.csproj" />
    <Project Path="src/RockBot.Scripts.Remote/RockBot.Scripts.Remote.csproj" />
    <Project Path="src/RockBot.Scripts.Manager/RockBot.Scripts.Manager.csproj" />
    <Project Path="src/RockBot.A2A.Abstractions/RockBot.A2A.Abstractions.csproj" />
    <Project Path="src/RockBot.A2A/RockBot.A2A.csproj" />
    <Project Path="src/RockBot.Telemetry/RockBot.Telemetry.csproj" />
    <Project Path="src/RockBot.UserProxy.Abstractions/RockBot.UserProxy.Abstractions.csproj" />
    <Project Path="src/RockBot.UserProxy/RockBot.UserProxy.csproj" />
    <Project Path="src/RockBot.UserProxy.Cli/RockBot.UserProxy.Cli.csproj" />
    <Project Path="src/RockBot.UserProxy.Blazor/RockBot.UserProxy.Blazor.csproj" />
    <Project Path="src/RockBot.Memory/RockBot.Memory.csproj" />
    <Project Path="src/RockBot.Skills/RockBot.Skills.csproj" />
    <Project Path="src/RockBot.Cli/RockBot.Cli.csproj" />
    <Project Path="src/RockBot.Tools.Web/RockBot.Tools.Web.csproj" />
    <Project Path="src/RockBot.Tools.Scheduling/RockBot.Tools.Scheduling.csproj" />
  </Folder>
  <Folder Name="/tests/">
    <Project Path="tests/RockBot.Host.Tests/RockBot.Host.Tests.csproj" />
    <Project Path="tests/RockBot.Llm.Tests/RockBot.Llm.Tests.csproj" />
    <Project Path="tests/RockBot.Tools.Tests/RockBot.Tools.Tests.csproj" />
    <Project Path="tests/RockBot.Scripts.Tests/RockBot.Scripts.Tests.csproj" />
    <Project Path="tests/RockBot.A2A.Tests/RockBot.A2A.Tests.csproj" />
    <Project Path="tests/RockBot.Telemetry.Tests/RockBot.Telemetry.Tests.csproj" />
    <Project Path="tests/RockBot.UserProxy.Tests/RockBot.UserProxy.Tests.csproj" />
    <Project Path="tests/RockBot.Cli.Tests/RockBot.Cli.Tests.csproj" />
    <Project Path="tests/RockBot.Tools.Web.Tests/RockBot.Tools.Web.Tests.csproj" />
  </Folder>
  <Project Path="src/RockBot.Messaging.Abstractions/RockBot.Messaging.Abstractions.csproj" />
  <Project Path="src/RockBot.Messaging.RabbitMQ/RockBot.Messaging.RabbitMQ.csproj" />
  <Project Path="src/RockBot.Messaging.InProcess/RockBot.Messaging.InProcess.csproj" />
  <Project Path="tests/RockBot.Messaging.Tests/RockBot.Messaging.Tests.csproj" />
</Solution>
